
Microsoft Visual Studio Solution File, Format Version 12.00
# Visual Studio Version 17
VisualStudioVersion = 17.11.35327.3
MinimumVisualStudioVersion = 10.0.40219.1
Project("{FAE04EC0-301F-11D3-BF4B-00C04F79EFBC}") = "Fall-2024", "Fall-2024.csproj", "{0D4B3BA6-F1B5-4713-85EF-8CAD5F1A177A}"
EndProject
Global
	GlobalSection(SolutionConfigurationPlatforms) = preSolution
		Debug|Any CPU = Debug|Any CPU
		Release|Any CPU = Release|Any CPU
	EndGlobalSection
	GlobalSection(ProjectConfigurationPlatforms) = postSolution
		{0D4B3BA6-F1B5-4713-85EF-8CAD5F1A177A}.Debug|Any CPU.ActiveCfg = Debug|Any CPU
		{0D4B3BA6-F1B5-4713-85EF-8CAD5F1A177A}.Debug|Any CPU.Build.0 = Debug|Any CPU
		{0D4B3BA6-F1B5-4713-85EF-8CAD5F1A177A}.Release|Any CPU.ActiveCfg = Release|Any CPU
		{0D4B3BA6-F1B5-4713-85EF-8CAD5F1A177A}.Release|Any CPU.Build.0 = Release|Any CPU
	EndGlobalSection
	GlobalSection(SolutionProperties) = preSolution
		HideSolutionNode = FALSE
	EndGlobalSection
	GlobalSection(ExtensibilityGlobals) = postSolution
		SolutionGuid = {61AF45D8-82BE-4B40-8B37-4546E47EBD21}
	EndGlobalSection
EndGlobal
